
Microsoft Visual Studio Solution File, Format Version 12.00
# Visual Studio Version 17
VisualStudioVersion = 17.8.34330.188
MinimumVisualStudioVersion = 10.0.40219.1
Project("{FAE04EC0-301F-11D3-BF4B-00C04F79EFBC}") = "sortiranje windows app", "sortiranje windows app\sortiranje windows app.csproj", "{7BBD617C-5715-4D02-A1AF-DFF50D0B2367}"
EndProject
Global
	GlobalSection(SolutionConfigurationPlatforms) = preSolution
		Debug|Any CPU = Debug|Any CPU
		Release|Any CPU = Release|Any CPU
	EndGlobalSection
	GlobalSection(ProjectConfigurationPlatforms) = postSolution
		{7BBD617C-5715-4D02-A1AF-DFF50D0B2367}.Debug|Any CPU.ActiveCfg = Debug|Any CPU
		{7BBD617C-5715-4D02-A1AF-DFF50D0B2367}.Debug|Any CPU.Build.0 = Debug|Any CPU
		{7BBD617C-5715-4D02-A1AF-DFF50D0B2367}.Release|Any CPU.ActiveCfg = Release|Any CPU
		{7BBD617C-5715-4D02-A1AF-DFF50D0B2367}.Release|Any CPU.Build.0 = Release|Any CPU
	EndGlobalSection
	GlobalSection(SolutionProperties) = preSolution
		HideSolutionNode = FALSE
	EndGlobalSection
	GlobalSection(ExtensibilityGlobals) = postSolution
		SolutionGuid = {AC0C247B-2BD5-4AAD-BB50-0C5712408279}
	EndGlobalSection
EndGlobal
